
Microsoft Visual Studio Solution File, Format Version 12.00
# Visual Studio 15
VisualStudioVersion = 15.0.27428.1
MinimumVisualStudioVersion = 10.0.40219.1
Project("{FAE04EC0-301F-11D3-BF4B-00C04F79EFBC}") = "Bot441", "Bot441\Bot441.csproj", "{EB447213-5E84-411B-BFAC-EFD167E28F6C}"
EndProject
Global
	GlobalSection(SolutionConfigurationPlatforms) = preSolution
		Debug|Any CPU = Debug|Any CPU
		Release|Any CPU = Release|Any CPU
	EndGlobalSection
	GlobalSection(ProjectConfigurationPlatforms) = postSolution
		{EB447213-5E84-411B-BFAC-EFD167E28F6C}.Debug|Any CPU.ActiveCfg = Debug|Any CPU
		{EB447213-5E84-411B-BFAC-EFD167E28F6C}.Debug|Any CPU.Build.0 = Debug|Any CPU
		{EB447213-5E84-411B-BFAC-EFD167E28F6C}.Release|Any CPU.ActiveCfg = Release|Any CPU
		{EB447213-5E84-411B-BFAC-EFD167E28F6C}.Release|Any CPU.Build.0 = Release|Any CPU
	EndGlobalSection
	GlobalSection(SolutionProperties) = preSolution
		HideSolutionNode = FALSE
	EndGlobalSection
	GlobalSection(ExtensibilityGlobals) = postSolution
		SolutionGuid = {B9DA9648-D965-495B-AFAE-C5ADA2F0F985}
	EndGlobalSection
EndGlobal
